
Microsoft Visual Studio Solution File, Format Version 12.00
# Visual Studio Version 16
VisualStudioVersion = 16.0.29230.47
MinimumVisualStudioVersion = 10.0.40219.1
Project("{FAE04EC0-301F-11D3-BF4B-00C04F79EFBC}") = "WeightLogger", "WeightLogger\WeightLogger.csproj", "{DF05AC8B-371F-4296-B44C-B000C9C11C19}"
EndProject
Project("{54435603-DBB4-11D2-8724-00A0C9A8B90C}") = "Setup1", "Setup1\Setup1.vdproj", "{DF383861-E3F0-4DB8-80C3-7DDE98D9619B}"
EndProject
Global
	GlobalSection(SolutionConfigurationPlatforms) = preSolution
		Debug|Any CPU = Debug|Any CPU
		Release|Any CPU = Release|Any CPU
	EndGlobalSection
	GlobalSection(ProjectConfigurationPlatforms) = postSolution
		{DF05AC8B-371F-4296-B44C-B000C9C11C19}.Debug|Any CPU.ActiveCfg = Debug|Any CPU
		{DF05AC8B-371F-4296-B44C-B000C9C11C19}.Debug|Any CPU.Build.0 = Debug|Any CPU
		{DF05AC8B-371F-4296-B44C-B000C9C11C19}.Release|Any CPU.ActiveCfg = Release|Any CPU
		{DF05AC8B-371F-4296-B44C-B000C9C11C19}.Release|Any CPU.Build.0 = Release|Any CPU
		{DF383861-E3F0-4DB8-80C3-7DDE98D9619B}.Debug|Any CPU.ActiveCfg = Debug
		{DF383861-E3F0-4DB8-80C3-7DDE98D9619B}.Release|Any CPU.ActiveCfg = Release
	EndGlobalSection
	GlobalSection(SolutionProperties) = preSolution
		HideSolutionNode = FALSE
	EndGlobalSection
	GlobalSection(ExtensibilityGlobals) = postSolution
		SolutionGuid = {547D0D32-C3EA-4A37-86F8-88581C72A6A5}
	EndGlobalSection
EndGlobal
